// !$*UTF8*$!
{
	archiveVersion = 1;
	classes = {
	};
	objectVersion = 56;
	objects = {

/* Begin PBXBuildFile section */
		726483312954140B0045A951 /* WarmUpDetails.swift in Sources */ = {isa = PBXBuildFile; fileRef = 726483302954140B0045A951 /* WarmUpDetails.swift */; };
		7264833729542AAC0045A951 /* DurationPicker.swift in Sources */ = {isa = PBXBuildFile; fileRef = 7264833629542AAC0045A951 /* DurationPicker.swift */; };
		7264833A29552C970045A951 /* IntervalDetails.swift in Sources */ = {isa = PBXBuildFile; fileRef = 7264833929552C970045A951 /* IntervalDetails.swift */; };
		7264833C29765A130045A951 /* IntervalViewModel.swift in Sources */ = {isa = PBXBuildFile; fileRef = 7264833B29765A130045A951 /* IntervalViewModel.swift */; };
		7264833E298C8CF50045A951 /* WorkoutCreation+Models.swift in Sources */ = {isa = PBXBuildFile; fileRef = 7264833D298C8CF50045A951 /* WorkoutCreation+Models.swift */; };
		72648340298F70A20045A951 /* WorkOutData.swift in Sources */ = {isa = PBXBuildFile; fileRef = 7264833F298F70A20045A951 /* WorkOutData.swift */; };
		72648342298F71660045A951 /* CGFloat_ext.swift in Sources */ = {isa = PBXBuildFile; fileRef = 72648341298F71660045A951 /* CGFloat_ext.swift */; };
		72648344298F72BF0045A951 /* GraphModel.swift in Sources */ = {isa = PBXBuildFile; fileRef = 72648343298F72BF0045A951 /* GraphModel.swift */; };
		72648346298F73570045A951 /* UIColor_ext.swift in Sources */ = {isa = PBXBuildFile; fileRef = 72648345298F73570045A951 /* UIColor_ext.swift */; };
		72648348298F772A0045A951 /* LowIntensitiyView.swift in Sources */ = {isa = PBXBuildFile; fileRef = 72648347298F772A0045A951 /* LowIntensitiyView.swift */; };
		7264834A298F9BE30045A951 /* WarmUpViewModel.swift in Sources */ = {isa = PBXBuildFile; fileRef = 72648349298F9BE30045A951 /* WarmUpViewModel.swift */; };
		7264834E299069220045A951 /* WarmUpPickerView.swift in Sources */ = {isa = PBXBuildFile; fileRef = 7264834D299069220045A951 /* WarmUpPickerView.swift */; };
		726954872942CD0400B0DD5D /* WorkoutCreationView.swift in Sources */ = {isa = PBXBuildFile; fileRef = 726954862942CD0400B0DD5D /* WorkoutCreationView.swift */; };
		726954892942CD4800B0DD5D /* WorkoutCreationViewModel.swift in Sources */ = {isa = PBXBuildFile; fileRef = 726954882942CD4800B0DD5D /* WorkoutCreationViewModel.swift */; };
		7269548E2947B4F700B0DD5D /* Date+Ext.swift in Sources */ = {isa = PBXBuildFile; fileRef = 7269548D2947B4F700B0DD5D /* Date+Ext.swift */; };
		726954912947C0BB00B0DD5D /* WorkoutModel.swift in Sources */ = {isa = PBXBuildFile; fileRef = 726954902947C0BB00B0DD5D /* WorkoutModel.swift */; };
		726954942947C2FD00B0DD5D /* DateModel.swift in Sources */ = {isa = PBXBuildFile; fileRef = 726954932947C2FD00B0DD5D /* DateModel.swift */; };
		7269549629494E2000B0DD5D /* TimerModel.swift in Sources */ = {isa = PBXBuildFile; fileRef = 7269549529494E2000B0DD5D /* TimerModel.swift */; };
		72C4C0FE29A5A2A20050C45C /* SoundModel.swift in Sources */ = {isa = PBXBuildFile; fileRef = 72C4C0FD29A5A2A20050C45C /* SoundModel.swift */; };
		72C4C10329B173A50050C45C /* SwiftUIView.swift in Sources */ = {isa = PBXBuildFile; fileRef = 72C4C10229B173A50050C45C /* SwiftUIView.swift */; };
		B635CB3328EFA9DA007E69B8 /* WorkoutHistoryView.swift in Sources */ = {isa = PBXBuildFile; fileRef = B635CB3228EFA9DA007E69B8 /* WorkoutHistoryView.swift */; };
		B6D988B928F1E03D00CD3569 /* WorkoutHistoryViewModel.swift in Sources */ = {isa = PBXBuildFile; fileRef = B6D988B828F1E03D00CD3569 /* WorkoutHistoryViewModel.swift */; };
		B6F9132028EA4C0200D9DB2C /* WerkApp.swift in Sources */ = {isa = PBXBuildFile; fileRef = B6F9131F28EA4C0200D9DB2C /* WerkApp.swift */; };
		B6F9132428EA4C0700D9DB2C /* Assets.xcassets in Resources */ = {isa = PBXBuildFile; fileRef = B6F9132328EA4C0700D9DB2C /* Assets.xcassets */; };
		B6F9132728EA4C0700D9DB2C /* Preview Assets.xcassets in Resources */ = {isa = PBXBuildFile; fileRef = B6F9132628EA4C0700D9DB2C /* Preview Assets.xcassets */; };
		B6F9133128EA4C0800D9DB2C /* WerkTests.swift in Sources */ = {isa = PBXBuildFile; fileRef = B6F9133028EA4C0800D9DB2C /* WerkTests.swift */; };
		B6F9133B28EA4C0800D9DB2C /* WerkUITests.swift in Sources */ = {isa = PBXBuildFile; fileRef = B6F9133A28EA4C0800D9DB2C /* WerkUITests.swift */; };
		B6F9133D28EA4C0800D9DB2C /* WerkUITestsLaunchTests.swift in Sources */ = {isa = PBXBuildFile; fileRef = B6F9133C28EA4C0800D9DB2C /* WerkUITestsLaunchTests.swift */; };
		B6F9134A28EA4C3800D9DB2C /* WorkOutListView.swift in Sources */ = {isa = PBXBuildFile; fileRef = B6F9134928EA4C3800D9DB2C /* WorkOutListView.swift */; };
		B6F9134C28EC7FB500D9DB2C /* WorkoutListModel.swift in Sources */ = {isa = PBXBuildFile; fileRef = B6F9134B28EC7FB400D9DB2C /* WorkoutListModel.swift */; };
/* End PBXBuildFile section */

/* Begin PBXContainerItemProxy section */
		B6F9132D28EA4C0800D9DB2C /* PBXContainerItemProxy */ = {
			isa = PBXContainerItemProxy;
			containerPortal = B6F9131428EA4C0200D9DB2C /* Project object */;
			proxyType = 1;
			remoteGlobalIDString = B6F9131B28EA4C0200D9DB2C;
			remoteInfo = Werk;
		};
		B6F9133728EA4C0800D9DB2C /* PBXContainerItemProxy */ = {
			isa = PBXContainerItemProxy;
			containerPortal = B6F9131428EA4C0200D9DB2C /* Project object */;
			proxyType = 1;
			remoteGlobalIDString = B6F9131B28EA4C0200D9DB2C;
			remoteInfo = Werk;
		};
/* End PBXContainerItemProxy section */

/* Begin PBXFileReference section */
		722BCA2928FCBC1900163E04 /* Werk.entitlements */ = {isa = PBXFileReference; lastKnownFileType = text.plist.entitlements; path = Werk.entitlements; sourceTree = "<group>"; };
		726483302954140B0045A951 /* WarmUpDetails.swift */ = {isa = PBXFileReference; lastKnownFileType = sourcecode.swift; path = WarmUpDetails.swift; sourceTree = "<group>"; };
		7264833629542AAC0045A951 /* DurationPicker.swift */ = {isa = PBXFileReference; lastKnownFileType = sourcecode.swift; path = DurationPicker.swift; sourceTree = "<group>"; };
		7264833929552C970045A951 /* IntervalDetails.swift */ = {isa = PBXFileReference; lastKnownFileType = sourcecode.swift; path = IntervalDetails.swift; sourceTree = "<group>"; };
		7264833B29765A130045A951 /* IntervalViewModel.swift */ = {isa = PBXFileReference; lastKnownFileType = sourcecode.swift; path = IntervalViewModel.swift; sourceTree = "<group>"; };
		7264833D298C8CF50045A951 /* WorkoutCreation+Models.swift */ = {isa = PBXFileReference; lastKnownFileType = sourcecode.swift; path = "WorkoutCreation+Models.swift"; sourceTree = "<group>"; };
		7264833F298F70A20045A951 /* WorkOutData.swift */ = {isa = PBXFileReference; lastKnownFileType = sourcecode.swift; path = WorkOutData.swift; sourceTree = "<group>"; };
		72648341298F71660045A951 /* CGFloat_ext.swift */ = {isa = PBXFileReference; lastKnownFileType = sourcecode.swift; path = CGFloat_ext.swift; sourceTree = "<group>"; };
		72648343298F72BF0045A951 /* GraphModel.swift */ = {isa = PBXFileReference; lastKnownFileType = sourcecode.swift; path = GraphModel.swift; sourceTree = "<group>"; };
		72648345298F73570045A951 /* UIColor_ext.swift */ = {isa = PBXFileReference; lastKnownFileType = sourcecode.swift; path = UIColor_ext.swift; sourceTree = "<group>"; };
		72648347298F772A0045A951 /* LowIntensitiyView.swift */ = {isa = PBXFileReference; lastKnownFileType = sourcecode.swift; path = LowIntensitiyView.swift; sourceTree = "<group>"; };
		72648349298F9BE30045A951 /* WarmUpViewModel.swift */ = {isa = PBXFileReference; lastKnownFileType = sourcecode.swift; path = WarmUpViewModel.swift; sourceTree = "<group>"; };
		7264834D299069220045A951 /* WarmUpPickerView.swift */ = {isa = PBXFileReference; lastKnownFileType = sourcecode.swift; path = WarmUpPickerView.swift; sourceTree = "<group>"; };
		726954862942CD0400B0DD5D /* WorkoutCreationView.swift */ = {isa = PBXFileReference; lastKnownFileType = sourcecode.swift; path = WorkoutCreationView.swift; sourceTree = "<group>"; };
		726954882942CD4800B0DD5D /* WorkoutCreationViewModel.swift */ = {isa = PBXFileReference; lastKnownFileType = sourcecode.swift; path = WorkoutCreationViewModel.swift; sourceTree = "<group>"; };
		7269548D2947B4F700B0DD5D /* Date+Ext.swift */ = {isa = PBXFileReference; lastKnownFileType = sourcecode.swift; path = "Date+Ext.swift"; sourceTree = "<group>"; };
		726954902947C0BB00B0DD5D /* WorkoutModel.swift */ = {isa = PBXFileReference; lastKnownFileType = sourcecode.swift; path = WorkoutModel.swift; sourceTree = "<group>"; };
		726954932947C2FD00B0DD5D /* DateModel.swift */ = {isa = PBXFileReference; lastKnownFileType = sourcecode.swift; path = DateModel.swift; sourceTree = "<group>"; };
		7269549529494E2000B0DD5D /* TimerModel.swift */ = {isa = PBXFileReference; lastKnownFileType = sourcecode.swift; path = TimerModel.swift; sourceTree = "<group>"; };
		72C4C0FD29A5A2A20050C45C /* SoundModel.swift */ = {isa = PBXFileReference; lastKnownFileType = sourcecode.swift; path = SoundModel.swift; sourceTree = "<group>"; };
		72C4C10229B173A50050C45C /* SwiftUIView.swift */ = {isa = PBXFileReference; lastKnownFileType = sourcecode.swift; path = SwiftUIView.swift; sourceTree = "<group>"; };
		B635CB3228EFA9DA007E69B8 /* WorkoutHistoryView.swift */ = {isa = PBXFileReference; lastKnownFileType = sourcecode.swift; path = WorkoutHistoryView.swift; sourceTree = "<group>"; };
		B6D988B828F1E03D00CD3569 /* WorkoutHistoryViewModel.swift */ = {isa = PBXFileReference; lastKnownFileType = sourcecode.swift; path = WorkoutHistoryViewModel.swift; sourceTree = "<group>"; };
		B6F9131C28EA4C0200D9DB2C /* Werk.app */ = {isa = PBXFileReference; explicitFileType = wrapper.application; includeInIndex = 0; path = Werk.app; sourceTree = BUILT_PRODUCTS_DIR; };
		B6F9131F28EA4C0200D9DB2C /* WerkApp.swift */ = {isa = PBXFileReference; lastKnownFileType = sourcecode.swift; path = WerkApp.swift; sourceTree = "<group>"; };
		B6F9132328EA4C0700D9DB2C /* Assets.xcassets */ = {isa = PBXFileReference; lastKnownFileType = folder.assetcatalog; path = Assets.xcassets; sourceTree = "<group>"; };
		B6F9132628EA4C0700D9DB2C /* Preview Assets.xcassets */ = {isa = PBXFileReference; lastKnownFileType = folder.assetcatalog; path = "Preview Assets.xcassets"; sourceTree = "<group>"; };
		B6F9132C28EA4C0800D9DB2C /* WerkTests.xctest */ = {isa = PBXFileReference; explicitFileType = wrapper.cfbundle; includeInIndex = 0; path = WerkTests.xctest; sourceTree = BUILT_PRODUCTS_DIR; };
		B6F9133028EA4C0800D9DB2C /* WerkTests.swift */ = {isa = PBXFileReference; lastKnownFileType = sourcecode.swift; path = WerkTests.swift; sourceTree = "<group>"; };
		B6F9133628EA4C0800D9DB2C /* WerkUITests.xctest */ = {isa = PBXFileReference; explicitFileType = wrapper.cfbundle; includeInIndex = 0; path = WerkUITests.xctest; sourceTree = BUILT_PRODUCTS_DIR; };
		B6F9133A28EA4C0800D9DB2C /* WerkUITests.swift */ = {isa = PBXFileReference; lastKnownFileType = sourcecode.swift; path = WerkUITests.swift; sourceTree = "<group>"; };
		B6F9133C28EA4C0800D9DB2C /* WerkUITestsLaunchTests.swift */ = {isa = PBXFileReference; lastKnownFileType = sourcecode.swift; path = WerkUITestsLaunchTests.swift; sourceTree = "<group>"; };
		B6F9134928EA4C3800D9DB2C /* WorkOutListView.swift */ = {isa = PBXFileReference; lastKnownFileType = sourcecode.swift; path = WorkOutListView.swift; sourceTree = "<group>"; };
		B6F9134B28EC7FB400D9DB2C /* WorkoutListModel.swift */ = {isa = PBXFileReference; lastKnownFileType = sourcecode.swift; path = WorkoutListModel.swift; sourceTree = "<group>"; };
/* End PBXFileReference section */

/* Begin PBXFrameworksBuildPhase section */
		B6F9131928EA4C0200D9DB2C /* Frameworks */ = {
			isa = PBXFrameworksBuildPhase;
			buildActionMask = 2147483647;
			files = (
			);
			runOnlyForDeploymentPostprocessing = 0;
		};
		B6F9132928EA4C0800D9DB2C /* Frameworks */ = {
			isa = PBXFrameworksBuildPhase;
			buildActionMask = 2147483647;
			files = (
			);
			runOnlyForDeploymentPostprocessing = 0;
		};
		B6F9133328EA4C0800D9DB2C /* Frameworks */ = {
			isa = PBXFrameworksBuildPhase;
			buildActionMask = 2147483647;
			files = (
			);
			runOnlyForDeploymentPostprocessing = 0;
		};
/* End PBXFrameworksBuildPhase section */

/* Begin PBXGroup section */
		726954852942CCA100B0DD5D /* WorkoutCreation */ = {
			isa = PBXGroup;
			children = (
				72C4C0FF29AC18A60050C45C /* WarmUp */,
				72C4C0FD29A5A2A20050C45C /* SoundModel.swift */,
				726954862942CD0400B0DD5D /* WorkoutCreationView.swift */,
				726954882942CD4800B0DD5D /* WorkoutCreationViewModel.swift */,
				7269548F2947C02400B0DD5D /* ExerciseData */,
				7264833929552C970045A951 /* IntervalDetails.swift */,
				7264833B29765A130045A951 /* IntervalViewModel.swift */,
				7264833D298C8CF50045A951 /* WorkoutCreation+Models.swift */,
				7264833F298F70A20045A951 /* WorkOutData.swift */,
				72648347298F772A0045A951 /* LowIntensitiyView.swift */,
			);
			path = WorkoutCreation;
			sourceTree = "<group>";
		};
		7269548A2947B17900B0DD5D /* Utilities */ = {
			isa = PBXGroup;
			children = (
				726954932947C2FD00B0DD5D /* DateModel.swift */,
				7269549529494E2000B0DD5D /* TimerModel.swift */,
				7269548D2947B4F700B0DD5D /* Date+Ext.swift */,
				7264833629542AAC0045A951 /* DurationPicker.swift */,
				72648341298F71660045A951 /* CGFloat_ext.swift */,
				72648345298F73570045A951 /* UIColor_ext.swift */,
			);
			path = Utilities;
			sourceTree = "<group>";
		};
		7269548F2947C02400B0DD5D /* ExerciseData */ = {
			isa = PBXGroup;
			children = (
				726954902947C0BB00B0DD5D /* WorkoutModel.swift */,
			);
			path = ExerciseData;
			sourceTree = "<group>";
		};
		726954922947C2E700B0DD5D /* DateData */ = {
			isa = PBXGroup;
			children = (
			);
			path = DateData;
			sourceTree = "<group>";
		};
		72BD5B5628F7CD19000C1AAA /* WorkoutHistory */ = {
			isa = PBXGroup;
			children = (
				B635CB3228EFA9DA007E69B8 /* WorkoutHistoryView.swift */,
				B6D988B828F1E03D00CD3569 /* WorkoutHistoryViewModel.swift */,
				726954922947C2E700B0DD5D /* DateData */,
				72648343298F72BF0045A951 /* GraphModel.swift */,
			);
			path = WorkoutHistory;
			sourceTree = "<group>";
		};
		72C4C0FF29AC18A60050C45C /* WarmUp */ = {
			isa = PBXGroup;
			children = (
				726483302954140B0045A951 /* WarmUpDetails.swift */,
				72C4C10229B173A50050C45C /* SwiftUIView.swift */,
				7264834D299069220045A951 /* WarmUpPickerView.swift */,
				72648349298F9BE30045A951 /* WarmUpViewModel.swift */,
			);
			path = WarmUp;
			sourceTree = "<group>";
		};
		B635CB2928ED1329007E69B8 /* WorkoutList */ = {
			isa = PBXGroup;
			children = (
				B6F9134928EA4C3800D9DB2C /* WorkOutListView.swift */,
				B6F9134B28EC7FB400D9DB2C /* WorkoutListModel.swift */,
			);
			path = WorkoutList;
			sourceTree = "<group>";
		};
		B6F9131328EA4C0200D9DB2C = {
			isa = PBXGroup;
			children = (
				B6F9131E28EA4C0200D9DB2C /* Werk */,
				B6F9132F28EA4C0800D9DB2C /* WerkTests */,
				B6F9133928EA4C0800D9DB2C /* WerkUITests */,
				B6F9131D28EA4C0200D9DB2C /* Products */,
			);
			sourceTree = "<group>";
		};
		B6F9131D28EA4C0200D9DB2C /* Products */ = {
			isa = PBXGroup;
			children = (
				B6F9131C28EA4C0200D9DB2C /* Werk.app */,
				B6F9132C28EA4C0800D9DB2C /* WerkTests.xctest */,
				B6F9133628EA4C0800D9DB2C /* WerkUITests.xctest */,
			);
			name = Products;
			sourceTree = "<group>";
		};
		B6F9131E28EA4C0200D9DB2C /* Werk */ = {
			isa = PBXGroup;
			children = (
				722BCA2928FCBC1900163E04 /* Werk.entitlements */,
				B6F9131F28EA4C0200D9DB2C /* WerkApp.swift */,
				B635CB2928ED1329007E69B8 /* WorkoutList */,
				72BD5B5628F7CD19000C1AAA /* WorkoutHistory */,
				726954852942CCA100B0DD5D /* WorkoutCreation */,
				7269548A2947B17900B0DD5D /* Utilities */,
				B6F9132328EA4C0700D9DB2C /* Assets.xcassets */,
				B6F9132528EA4C0700D9DB2C /* Preview Content */,
			);
			path = Werk;
			sourceTree = "<group>";
		};
		B6F9132528EA4C0700D9DB2C /* Preview Content */ = {
			isa = PBXGroup;
			children = (
				B6F9132628EA4C0700D9DB2C /* Preview Assets.xcassets */,
			);
			path = "Preview Content";
			sourceTree = "<group>";
		};
		B6F9132F28EA4C0800D9DB2C /* WerkTests */ = {
			isa = PBXGroup;
			children = (
				B6F9133028EA4C0800D9DB2C /* WerkTests.swift */,
			);
			path = WerkTests;
			sourceTree = "<group>";
		};
		B6F9133928EA4C0800D9DB2C /* WerkUITests */ = {
			isa = PBXGroup;
			children = (
				B6F9133A28EA4C0800D9DB2C /* WerkUITests.swift */,
				B6F9133C28EA4C0800D9DB2C /* WerkUITestsLaunchTests.swift */,
			);
			path = WerkUITests;
			sourceTree = "<group>";
		};
/* End PBXGroup section */

/* Begin PBXNativeTarget section */
		B6F9131B28EA4C0200D9DB2C /* Werk */ = {
			isa = PBXNativeTarget;
			buildConfigurationList = B6F9134028EA4C0800D9DB2C /* Build configuration list for PBXNativeTarget "Werk" */;
			buildPhases = (
				B6F9131828EA4C0200D9DB2C /* Sources */,
				B6F9131928EA4C0200D9DB2C /* Frameworks */,
				B6F9131A28EA4C0200D9DB2C /* Resources */,
			);
			buildRules = (
			);
			dependencies = (
			);
			name = Werk;
			productName = Werk;
			productReference = B6F9131C28EA4C0200D9DB2C /* Werk.app */;
			productType = "com.apple.product-type.application";
		};
		B6F9132B28EA4C0800D9DB2C /* WerkTests */ = {
			isa = PBXNativeTarget;
			buildConfigurationList = B6F9134328EA4C0800D9DB2C /* Build configuration list for PBXNativeTarget "WerkTests" */;
			buildPhases = (
				B6F9132828EA4C0800D9DB2C /* Sources */,
				B6F9132928EA4C0800D9DB2C /* Frameworks */,
				B6F9132A28EA4C0800D9DB2C /* Resources */,
			);
			buildRules = (
			);
			dependencies = (
				B6F9132E28EA4C0800D9DB2C /* PBXTargetDependency */,
			);
			name = WerkTests;
			productName = WerkTests;
			productReference = B6F9132C28EA4C0800D9DB2C /* WerkTests.xctest */;
			productType = "com.apple.product-type.bundle.unit-test";
		};
		B6F9133528EA4C0800D9DB2C /* WerkUITests */ = {
			isa = PBXNativeTarget;
			buildConfigurationList = B6F9134628EA4C0800D9DB2C /* Build configuration list for PBXNativeTarget "WerkUITests" */;
			buildPhases = (
				B6F9133228EA4C0800D9DB2C /* Sources */,
				B6F9133328EA4C0800D9DB2C /* Frameworks */,
				B6F9133428EA4C0800D9DB2C /* Resources */,
			);
			buildRules = (
			);
			dependencies = (
				B6F9133828EA4C0800D9DB2C /* PBXTargetDependency */,
			);
			name = WerkUITests;
			productName = WerkUITests;
			productReference = B6F9133628EA4C0800D9DB2C /* WerkUITests.xctest */;
			productType = "com.apple.product-type.bundle.ui-testing";
		};
/* End PBXNativeTarget section */

/* Begin PBXProject section */
		B6F9131428EA4C0200D9DB2C /* Project object */ = {
			isa = PBXProject;
			attributes = {
				BuildIndependentTargetsInParallel = 1;
				LastSwiftUpdateCheck = 1400;
				LastUpgradeCheck = 1400;
				TargetAttributes = {
					B6F9131B28EA4C0200D9DB2C = {
						CreatedOnToolsVersion = 14.0;
					};
					B6F9132B28EA4C0800D9DB2C = {
						CreatedOnToolsVersion = 14.0;
						TestTargetID = B6F9131B28EA4C0200D9DB2C;
					};
					B6F9133528EA4C0800D9DB2C = {
						CreatedOnToolsVersion = 14.0;
						TestTargetID = B6F9131B28EA4C0200D9DB2C;
					};
				};
			};
			buildConfigurationList = B6F9131728EA4C0200D9DB2C /* Build configuration list for PBXProject "Werk" */;
			compatibilityVersion = "Xcode 14.0";
			developmentRegion = en;
			hasScannedForEncodings = 0;
			knownRegions = (
				en,
				Base,
			);
			mainGroup = B6F9131328EA4C0200D9DB2C;
			productRefGroup = B6F9131D28EA4C0200D9DB2C /* Products */;
			projectDirPath = "";
			projectRoot = "";
			targets = (
				B6F9131B28EA4C0200D9DB2C /* Werk */,
				B6F9132B28EA4C0800D9DB2C /* WerkTests */,
				B6F9133528EA4C0800D9DB2C /* WerkUITests */,
			);
		};
/* End PBXProject section */

/* Begin PBXResourcesBuildPhase section */
		B6F9131A28EA4C0200D9DB2C /* Resources */ = {
			isa = PBXResourcesBuildPhase;
			buildActionMask = 2147483647;
			files = (
				B6F9132728EA4C0700D9DB2C /* Preview Assets.xcassets in Resources */,
				B6F9132428EA4C0700D9DB2C /* Assets.xcassets in Resources */,
			);
			runOnlyForDeploymentPostprocessing = 0;
		};
		B6F9132A28EA4C0800D9DB2C /* Resources */ = {
			isa = PBXResourcesBuildPhase;
			buildActionMask = 2147483647;
			files = (
			);
			runOnlyForDeploymentPostprocessing = 0;
		};
		B6F9133428EA4C0800D9DB2C /* Resources */ = {
			isa = PBXResourcesBuildPhase;
			buildActionMask = 2147483647;
			files = (
			);
			runOnlyForDeploymentPostprocessing = 0;
		};
/* End PBXResourcesBuildPhase section */

/* Begin PBXSourcesBuildPhase section */
		B6F9131828EA4C0200D9DB2C /* Sources */ = {
			isa = PBXSourcesBuildPhase;
			buildActionMask = 2147483647;
			files = (
				72648348298F772A0045A951 /* LowIntensitiyView.swift in Sources */,
				72648340298F70A20045A951 /* WorkOutData.swift in Sources */,
				72648344298F72BF0045A951 /* GraphModel.swift in Sources */,
				7269549629494E2000B0DD5D /* TimerModel.swift in Sources */,
				7264834A298F9BE30045A951 /* WarmUpViewModel.swift in Sources */,
				7269548E2947B4F700B0DD5D /* Date+Ext.swift in Sources */,
				B6F9134A28EA4C3800D9DB2C /* WorkOutListView.swift in Sources */,
				B6D988B928F1E03D00CD3569 /* WorkoutHistoryViewModel.swift in Sources */,
				B635CB3328EFA9DA007E69B8 /* WorkoutHistoryView.swift in Sources */,
				7264833729542AAC0045A951 /* DurationPicker.swift in Sources */,
				7264833E298C8CF50045A951 /* WorkoutCreation+Models.swift in Sources */,
				72648346298F73570045A951 /* UIColor_ext.swift in Sources */,
				B6F9134C28EC7FB500D9DB2C /* WorkoutListModel.swift in Sources */,
				7264834E299069220045A951 /* WarmUpPickerView.swift in Sources */,
				726954942947C2FD00B0DD5D /* DateModel.swift in Sources */,
				7264833C29765A130045A951 /* IntervalViewModel.swift in Sources */,
				B6F9132028EA4C0200D9DB2C /* WerkApp.swift in Sources */,
				726954892942CD4800B0DD5D /* WorkoutCreationViewModel.swift in Sources */,
				726954912947C0BB00B0DD5D /* WorkoutModel.swift in Sources */,
				72C4C10329B173A50050C45C /* SwiftUIView.swift in Sources */,
				72648342298F71660045A951 /* CGFloat_ext.swift in Sources */,
				726483312954140B0045A951 /* WarmUpDetails.swift in Sources */,
				72C4C0FE29A5A2A20050C45C /* SoundModel.swift in Sources */,
				726954872942CD0400B0DD5D /* WorkoutCreationView.swift in Sources */,
				7264833A29552C970045A951 /* IntervalDetails.swift in Sources */,
			);
			runOnlyForDeploymentPostprocessing = 0;
		};
		B6F9132828EA4C0800D9DB2C /* Sources */ = {
			isa = PBXSourcesBuildPhase;
			buildActionMask = 2147483647;
			files = (
				B6F9133128EA4C0800D9DB2C /* WerkTests.swift in Sources */,
			);
			runOnlyForDeploymentPostprocessing = 0;
		};
		B6F9133228EA4C0800D9DB2C /* Sources */ = {
			isa = PBXSourcesBuildPhase;
			buildActionMask = 2147483647;
			files = (
				B6F9133B28EA4C0800D9DB2C /* WerkUITests.swift in Sources */,
				B6F9133D28EA4C0800D9DB2C /* WerkUITestsLaunchTests.swift in Sources */,
			);
			runOnlyForDeploymentPostprocessing = 0;
		};
/* End PBXSourcesBuildPhase section */

/* Begin PBXTargetDependency section */
		B6F9132E28EA4C0800D9DB2C /* PBXTargetDependency */ = {
			isa = PBXTargetDependency;
			target = B6F9131B28EA4C0200D9DB2C /* Werk */;
			targetProxy = B6F9132D28EA4C0800D9DB2C /* PBXContainerItemProxy */;
		};
		B6F9133828EA4C0800D9DB2C /* PBXTargetDependency */ = {
			isa = PBXTargetDependency;
			target = B6F9131B28EA4C0200D9DB2C /* Werk */;
			targetProxy = B6F9133728EA4C0800D9DB2C /* PBXContainerItemProxy */;
		};
/* End PBXTargetDependency section */

/* Begin XCBuildConfiguration section */
		B6F9133E28EA4C0800D9DB2C /* Debug */ = {
			isa = XCBuildConfiguration;
			buildSettings = {
				ALWAYS_SEARCH_USER_PATHS = NO;
				CLANG_ANALYZER_NONNULL = YES;
				CLANG_ANALYZER_NUMBER_OBJECT_CONVERSION = YES_AGGRESSIVE;
				CLANG_CXX_LANGUAGE_STANDARD = "gnu++20";
				CLANG_ENABLE_MODULES = YES;
				CLANG_ENABLE_OBJC_ARC = YES;
				CLANG_ENABLE_OBJC_WEAK = YES;
				CLANG_WARN_BLOCK_CAPTURE_AUTORELEASING = YES;
				CLANG_WARN_BOOL_CONVERSION = YES;
				CLANG_WARN_COMMA = YES;
				CLANG_WARN_CONSTANT_CONVERSION = YES;
				CLANG_WARN_DEPRECATED_OBJC_IMPLEMENTATIONS = YES;
				CLANG_WARN_DIRECT_OBJC_ISA_USAGE = YES_ERROR;
				CLANG_WARN_DOCUMENTATION_COMMENTS = YES;
				CLANG_WARN_EMPTY_BODY = YES;
				CLANG_WARN_ENUM_CONVERSION = YES;
				CLANG_WARN_INFINITE_RECURSION = YES;
				CLANG_WARN_INT_CONVERSION = YES;
				CLANG_WARN_NON_LITERAL_NULL_CONVERSION = YES;
				CLANG_WARN_OBJC_IMPLICIT_RETAIN_SELF = YES;
				CLANG_WARN_OBJC_LITERAL_CONVERSION = YES;
				CLANG_WARN_OBJC_ROOT_CLASS = YES_ERROR;
				CLANG_WARN_QUOTED_INCLUDE_IN_FRAMEWORK_HEADER = YES;
				CLANG_WARN_RANGE_LOOP_ANALYSIS = YES;
				CLANG_WARN_STRICT_PROTOTYPES = YES;
				CLANG_WARN_SUSPICIOUS_MOVE = YES;
				CLANG_WARN_UNGUARDED_AVAILABILITY = YES_AGGRESSIVE;
				CLANG_WARN_UNREACHABLE_CODE = YES;
				CLANG_WARN__DUPLICATE_METHOD_MATCH = YES;
				COPY_PHASE_STRIP = NO;
				DEBUG_INFORMATION_FORMAT = dwarf;
				ENABLE_STRICT_OBJC_MSGSEND = YES;
				ENABLE_TESTABILITY = YES;
				GCC_C_LANGUAGE_STANDARD = gnu11;
				GCC_DYNAMIC_NO_PIC = NO;
				GCC_NO_COMMON_BLOCKS = YES;
				GCC_OPTIMIZATION_LEVEL = 0;
				GCC_PREPROCESSOR_DEFINITIONS = (
					"DEBUG=1",
					"$(inherited)",
				);
				GCC_WARN_64_TO_32_BIT_CONVERSION = YES;
				GCC_WARN_ABOUT_RETURN_TYPE = YES_ERROR;
				GCC_WARN_UNDECLARED_SELECTOR = YES;
				GCC_WARN_UNINITIALIZED_AUTOS = YES_AGGRESSIVE;
				GCC_WARN_UNUSED_FUNCTION = YES;
				GCC_WARN_UNUSED_VARIABLE = YES;
				IPHONEOS_DEPLOYMENT_TARGET = 16.0;
				MTL_ENABLE_DEBUG_INFO = INCLUDE_SOURCE;
				MTL_FAST_MATH = YES;
				ONLY_ACTIVE_ARCH = YES;
				SDKROOT = iphoneos;
				SWIFT_ACTIVE_COMPILATION_CONDITIONS = DEBUG;
				SWIFT_OPTIMIZATION_LEVEL = "-Onone";
			};
			name = Debug;
		};
		B6F9133F28EA4C0800D9DB2C /* Release */ = {
			isa = XCBuildConfiguration;
			buildSettings = {
				ALWAYS_SEARCH_USER_PATHS = NO;
				CLANG_ANALYZER_NONNULL = YES;
				CLANG_ANALYZER_NUMBER_OBJECT_CONVERSION = YES_AGGRESSIVE;
				CLANG_CXX_LANGUAGE_STANDARD = "gnu++20";
				CLANG_ENABLE_MODULES = YES;
				CLANG_ENABLE_OBJC_ARC = YES;
				CLANG_ENABLE_OBJC_WEAK = YES;
				CLANG_WARN_BLOCK_CAPTURE_AUTORELEASING = YES;
				CLANG_WARN_BOOL_CONVERSION = YES;
				CLANG_WARN_COMMA = YES;
				CLANG_WARN_CONSTANT_CONVERSION = YES;
				CLANG_WARN_DEPRECATED_OBJC_IMPLEMENTATIONS = YES;
				CLANG_WARN_DIRECT_OBJC_ISA_USAGE = YES_ERROR;
				CLANG_WARN_DOCUMENTATION_COMMENTS = YES;
				CLANG_WARN_EMPTY_BODY = YES;
				CLANG_WARN_ENUM_CONVERSION = YES;
				CLANG_WARN_INFINITE_RECURSION = YES;
				CLANG_WARN_INT_CONVERSION = YES;
				CLANG_WARN_NON_LITERAL_NULL_CONVERSION = YES;
				CLANG_WARN_OBJC_IMPLICIT_RETAIN_SELF = YES;
				CLANG_WARN_OBJC_LITERAL_CONVERSION = YES;
				CLANG_WARN_OBJC_ROOT_CLASS = YES_ERROR;
				CLANG_WARN_QUOTED_INCLUDE_IN_FRAMEWORK_HEADER = YES;
				CLANG_WARN_RANGE_LOOP_ANALYSIS = YES;
				CLANG_WARN_STRICT_PROTOTYPES = YES;
				CLANG_WARN_SUSPICIOUS_MOVE = YES;
				CLANG_WARN_UNGUARDED_AVAILABILITY = YES_AGGRESSIVE;
				CLANG_WARN_UNREACHABLE_CODE = YES;
				CLANG_WARN__DUPLICATE_METHOD_MATCH = YES;
				COPY_PHASE_STRIP = NO;
				DEBUG_INFORMATION_FORMAT = "dwarf-with-dsym";
				ENABLE_NS_ASSERTIONS = NO;
				ENABLE_STRICT_OBJC_MSGSEND = YES;
				GCC_C_LANGUAGE_STANDARD = gnu11;
				GCC_NO_COMMON_BLOCKS = YES;
				GCC_WARN_64_TO_32_BIT_CONVERSION = YES;
				GCC_WARN_ABOUT_RETURN_TYPE = YES_ERROR;
				GCC_WARN_UNDECLARED_SELECTOR = YES;
				GCC_WARN_UNINITIALIZED_AUTOS = YES_AGGRESSIVE;
				GCC_WARN_UNUSED_FUNCTION = YES;
				GCC_WARN_UNUSED_VARIABLE = YES;
				IPHONEOS_DEPLOYMENT_TARGET = 16.0;
				MTL_ENABLE_DEBUG_INFO = NO;
				MTL_FAST_MATH = YES;
				SDKROOT = iphoneos;
				SWIFT_COMPILATION_MODE = wholemodule;
				SWIFT_OPTIMIZATION_LEVEL = "-O";
				VALIDATE_PRODUCT = YES;
			};
			name = Release;
		};
		B6F9134128EA4C0800D9DB2C /* Debug */ = {
			isa = XCBuildConfiguration;
			buildSettings = {
				ASSETCATALOG_COMPILER_APPICON_NAME = AppIcon;
				ASSETCATALOG_COMPILER_GLOBAL_ACCENT_COLOR_NAME = AccentColor;
				CODE_SIGN_ENTITLEMENTS = Werk/Werk.entitlements;
				CODE_SIGN_STYLE = Automatic;
				CURRENT_PROJECT_VERSION = 1;
				DEVELOPMENT_ASSET_PATHS = "\"Werk/Preview Content\"";
				DEVELOPMENT_TEAM = EBJ7D2RUUQ;
				ENABLE_PREVIEWS = YES;
				GENERATE_INFOPLIST_FILE = YES;
				INFOPLIST_KEY_UIApplicationSceneManifest_Generation = YES;
				INFOPLIST_KEY_UIApplicationSupportsIndirectInputEvents = YES;
				INFOPLIST_KEY_UILaunchScreen_Generation = YES;
				INFOPLIST_KEY_UISupportedInterfaceOrientations_iPad = "UIInterfaceOrientationPortrait UIInterfaceOrientationPortraitUpsideDown UIInterfaceOrientationLandscapeLeft UIInterfaceOrientationLandscapeRight";
				INFOPLIST_KEY_UISupportedInterfaceOrientations_iPhone = "UIInterfaceOrientationPortrait UIInterfaceOrientationLandscapeLeft UIInterfaceOrientationLandscapeRight";
				LD_RUNPATH_SEARCH_PATHS = (
					"$(inherited)",
					"@executable_path/Frameworks",
				);
				MARKETING_VERSION = 1.0;
				PRODUCT_BUNDLE_IDENTIFIER = HappehPhox.Werk;
				PRODUCT_NAME = "$(TARGET_NAME)";
				SWIFT_EMIT_LOC_STRINGS = YES;
				SWIFT_VERSION = 5.0;
				TARGETED_DEVICE_FAMILY = "1,2";
			};
			name = Debug;
		};
		B6F9134228EA4C0800D9DB2C /* Release */ = {
			isa = XCBuildConfiguration;
			buildSettings = {
				ASSETCATALOG_COMPILER_APPICON_NAME = AppIcon;
				ASSETCATALOG_COMPILER_GLOBAL_ACCENT_COLOR_NAME = AccentColor;
				CODE_SIGN_ENTITLEMENTS = Werk/Werk.entitlements;
				CODE_SIGN_STYLE = Automatic;
				CURRENT_PROJECT_VERSION = 1;
				DEVELOPMENT_ASSET_PATHS = "\"Werk/Preview Content\"";
				DEVELOPMENT_TEAM = EBJ7D2RUUQ;
				ENABLE_PREVIEWS = YES;
				GENERATE_INFOPLIST_FILE = YES;
				INFOPLIST_KEY_UIApplicationSceneManifest_Generation = YES;
				INFOPLIST_KEY_UIApplicationSupportsIndirectInputEvents = YES;
				INFOPLIST_KEY_UILaunchScreen_Generation = YES;
				INFOPLIST_KEY_UISupportedInterfaceOrientations_iPad = "UIInterfaceOrientationPortrait UIInterfaceOrientationPortraitUpsideDown UIInterfaceOrientationLandscapeLeft UIInterfaceOrientationLandscapeRight";
				INFOPLIST_KEY_UISupportedInterfaceOrientations_iPhone = "UIInterfaceOrientationPortrait UIInterfaceOrientationLandscapeLeft UIInterfaceOrientationLandscapeRight";
				LD_RUNPATH_SEARCH_PATHS = (
					"$(inherited)",
					"@executable_path/Frameworks",
				);
				MARKETING_VERSION = 1.0;
				PRODUCT_BUNDLE_IDENTIFIER = HappehPhox.Werk;
				PRODUCT_NAME = "$(TARGET_NAME)";
				SWIFT_EMIT_LOC_STRINGS = YES;
				SWIFT_VERSION = 5.0;
				TARGETED_DEVICE_FAMILY = "1,2";
			};
			name = Release;
		};
		B6F9134428EA4C0800D9DB2C /* Debug */ = {
			isa = XCBuildConfiguration;
			buildSettings = {
				ALWAYS_EMBED_SWIFT_STANDARD_LIBRARIES = YES;
				BUNDLE_LOADER = "$(TEST_HOST)";
				CODE_SIGN_STYLE = Automatic;
				CURRENT_PROJECT_VERSION = 1;
				GENERATE_INFOPLIST_FILE = YES;
				IPHONEOS_DEPLOYMENT_TARGET = 16.0;
				MARKETING_VERSION = 1.0;
				PRODUCT_BUNDLE_IDENTIFIER = HappehPhox.WerkTests;
				PRODUCT_NAME = "$(TARGET_NAME)";
				SWIFT_EMIT_LOC_STRINGS = NO;
				SWIFT_VERSION = 5.0;
				TARGETED_DEVICE_FAMILY = "1,2";
				TEST_HOST = "$(BUILT_PRODUCTS_DIR)/Werk.app/$(BUNDLE_EXECUTABLE_FOLDER_PATH)/Werk";
			};
			name = Debug;
		};
		B6F9134528EA4C0800D9DB2C /* Release */ = {
			isa = XCBuildConfiguration;
			buildSettings = {
				ALWAYS_EMBED_SWIFT_STANDARD_LIBRARIES = YES;
				BUNDLE_LOADER = "$(TEST_HOST)";
				CODE_SIGN_STYLE = Automatic;
				CURRENT_PROJECT_VERSION = 1;
				GENERATE_INFOPLIST_FILE = YES;
				IPHONEOS_DEPLOYMENT_TARGET = 16.0;
				MARKETING_VERSION = 1.0;
				PRODUCT_BUNDLE_IDENTIFIER = HappehPhox.WerkTests;
				PRODUCT_NAME = "$(TARGET_NAME)";
				SWIFT_EMIT_LOC_STRINGS = NO;
				SWIFT_VERSION = 5.0;
				TARGETED_DEVICE_FAMILY = "1,2";
				TEST_HOST = "$(BUILT_PRODUCTS_DIR)/Werk.app/$(BUNDLE_EXECUTABLE_FOLDER_PATH)/Werk";
			};
			name = Release;
		};
		B6F9134728EA4C0800D9DB2C /* Debug */ = {
			isa = XCBuildConfiguration;
			buildSettings = {
				ALWAYS_EMBED_SWIFT_STANDARD_LIBRARIES = YES;
				CODE_SIGN_STYLE = Automatic;
				CURRENT_PROJECT_VERSION = 1;
				GENERATE_INFOPLIST_FILE = YES;
				MARKETING_VERSION = 1.0;
				PRODUCT_BUNDLE_IDENTIFIER = HappehPhox.WerkUITests;
				PRODUCT_NAME = "$(TARGET_NAME)";
				SWIFT_EMIT_LOC_STRINGS = NO;
				SWIFT_VERSION = 5.0;
				TARGETED_DEVICE_FAMILY = "1,2";
				TEST_TARGET_NAME = Werk;
			};
			name = Debug;
		};
		B6F9134828EA4C0800D9DB2C /* Release */ = {
			isa = XCBuildConfiguration;
			buildSettings = {
				ALWAYS_EMBED_SWIFT_STANDARD_LIBRARIES = YES;
				CODE_SIGN_STYLE = Automatic;
				CURRENT_PROJECT_VERSION = 1;
				GENERATE_INFOPLIST_FILE = YES;
				MARKETING_VERSION = 1.0;
				PRODUCT_BUNDLE_IDENTIFIER = HappehPhox.WerkUITests;
				PRODUCT_NAME = "$(TARGET_NAME)";
				SWIFT_EMIT_LOC_STRINGS = NO;
				SWIFT_VERSION = 5.0;
				TARGETED_DEVICE_FAMILY = "1,2";
				TEST_TARGET_NAME = Werk;
			};
			name = Release;
		};
/* End XCBuildConfiguration section */

/* Begin XCConfigurationList section */
		B6F9131728EA4C0200D9DB2C /* Build configuration list for PBXProject "Werk" */ = {
			isa = XCConfigurationList;
			buildConfigurations = (
				B6F9133E28EA4C0800D9DB2C /* Debug */,
				B6F9133F28EA4C0800D9DB2C /* Release */,
			);
			defaultConfigurationIsVisible = 0;
			defaultConfigurationName = Release;
		};
		B6F9134028EA4C0800D9DB2C /* Build configuration list for PBXNativeTarget "Werk" */ = {
			isa = XCConfigurationList;
			buildConfigurations = (
				B6F9134128EA4C0800D9DB2C /* Debug */,
				B6F9134228EA4C0800D9DB2C /* Release */,
			);
			defaultConfigurationIsVisible = 0;
			defaultConfigurationName = Release;
		};
		B6F9134328EA4C0800D9DB2C /* Build configuration list for PBXNativeTarget "WerkTests" */ = {
			isa = XCConfigurationList;
			buildConfigurations = (
				B6F9134428EA4C0800D9DB2C /* Debug */,
				B6F9134528EA4C0800D9DB2C /* Release */,
			);
			defaultConfigurationIsVisible = 0;
			defaultConfigurationName = Release;
		};
		B6F9134628EA4C0800D9DB2C /* Build configuration list for PBXNativeTarget "WerkUITests" */ = {
			isa = XCConfigurationList;
			buildConfigurations = (
				B6F9134728EA4C0800D9DB2C /* Debug */,
				B6F9134828EA4C0800D9DB2C /* Release */,
			);
			defaultConfigurationIsVisible = 0;
			defaultConfigurationName = Release;
		};
/* End XCConfigurationList section */
	};
	rootObject = B6F9131428EA4C0200D9DB2C /* Project object */;
}
